
Microsoft Visual Studio Solution File, Format Version 12.00
# Visual Studio Version 16
VisualStudioVersion = 16.0.32106.194
MinimumVisualStudioVersion = 10.0.40219.1
Project("{FAE04EC0-301F-11D3-BF4B-00C04F79EFBC}") = "FirstMobileApp.Android", "FirstMobileApp\FirstMobileApp.Android\FirstMobileApp.Android.csproj", "{B39D912F-9539-42B8-ACC8-27976FD218CE}"
EndProject
Project("{FAE04EC0-301F-11D3-BF4B-00C04F79EFBC}") = "FirstMobileApp", "FirstMobileApp\FirstMobileApp\FirstMobileApp.csproj", "{61CBC091-A564-40C8-B153-A620E0B46237}"
EndProject
Global
	GlobalSection(SolutionConfigurationPlatforms) = preSolution
		Debug|Any CPU = Debug|Any CPU
		Release|Any CPU = Release|Any CPU
	EndGlobalSection
	GlobalSection(ProjectConfigurationPlatforms) = postSolution
		{B39D912F-9539-42B8-ACC8-27976FD218CE}.Debug|Any CPU.ActiveCfg = Debug|Any CPU
		{B39D912F-9539-42B8-ACC8-27976FD218CE}.Debug|Any CPU.Build.0 = Debug|Any CPU
		{B39D912F-9539-42B8-ACC8-27976FD218CE}.Debug|Any CPU.Deploy.0 = Debug|Any CPU
		{B39D912F-9539-42B8-ACC8-27976FD218CE}.Release|Any CPU.ActiveCfg = Release|Any CPU
		{B39D912F-9539-42B8-ACC8-27976FD218CE}.Release|Any CPU.Build.0 = Release|Any CPU
		{B39D912F-9539-42B8-ACC8-27976FD218CE}.Release|Any CPU.Deploy.0 = Release|Any CPU
		{61CBC091-A564-40C8-B153-A620E0B46237}.Debug|Any CPU.ActiveCfg = Debug|Any CPU
		{61CBC091-A564-40C8-B153-A620E0B46237}.Debug|Any CPU.Build.0 = Debug|Any CPU
		{61CBC091-A564-40C8-B153-A620E0B46237}.Debug|Any CPU.Deploy.0 = Debug|Any CPU
		{61CBC091-A564-40C8-B153-A620E0B46237}.Release|Any CPU.ActiveCfg = Release|Any CPU
		{61CBC091-A564-40C8-B153-A620E0B46237}.Release|Any CPU.Build.0 = Release|Any CPU
		{61CBC091-A564-40C8-B153-A620E0B46237}.Release|Any CPU.Deploy.0 = Release|Any CPU
	EndGlobalSection
	GlobalSection(SolutionProperties) = preSolution
		HideSolutionNode = FALSE
	EndGlobalSection
	GlobalSection(ExtensibilityGlobals) = postSolution
		SolutionGuid = {8506DC69-5E47-4372-9E74-B4265DFC07D0}
	EndGlobalSection
EndGlobal
